
Microsoft Visual Studio Solution File, Format Version 12.00
# Visual Studio Version 17
VisualStudioVersion = 17.14.36908.2 d17.14
MinimumVisualStudioVersion = 10.0.40219.1
Project("{FAE04EC0-301F-11D3-BF4B-00C04F79EFBC}") = "lab7", "lab7\lab7.csproj", "{4BD73F28-5B25-47A1-91AA-B3DCF3752D86}"
EndProject
Global
	GlobalSection(SolutionConfigurationPlatforms) = preSolution
		Debug|Any CPU = Debug|Any CPU
		Release|Any CPU = Release|Any CPU
	EndGlobalSection
	GlobalSection(ProjectConfigurationPlatforms) = postSolution
		{4BD73F28-5B25-47A1-91AA-B3DCF3752D86}.Debug|Any CPU.ActiveCfg = Debug|Any CPU
		{4BD73F28-5B25-47A1-91AA-B3DCF3752D86}.Debug|Any CPU.Build.0 = Debug|Any CPU
		{4BD73F28-5B25-47A1-91AA-B3DCF3752D86}.Release|Any CPU.ActiveCfg = Release|Any CPU
		{4BD73F28-5B25-47A1-91AA-B3DCF3752D86}.Release|Any CPU.Build.0 = Release|Any CPU
	EndGlobalSection
	GlobalSection(SolutionProperties) = preSolution
		HideSolutionNode = FALSE
	EndGlobalSection
	GlobalSection(ExtensibilityGlobals) = postSolution
		SolutionGuid = {D33C1F38-89C7-483C-A9B1-2A9126F9BD87}
	EndGlobalSection
EndGlobal
